
Microsoft Visual Studio Solution File, Format Version 12.00
# Visual Studio Version 17
VisualStudioVersion = 17.14.36301.6 d17.14
MinimumVisualStudioVersion = 10.0.40219.1
Project("{FAE04EC0-301F-11D3-BF4B-00C04F79EFBC}") = "IntegracaoDeApi", "IntegracaoDeApi\IntegracaoDeApi.csproj", "{DBFD07B4-F543-4CAD-9E88-36A143D19796}"
EndProject
Global
	GlobalSection(SolutionConfigurationPlatforms) = preSolution
		Debug|Any CPU = Debug|Any CPU
		Release|Any CPU = Release|Any CPU
	EndGlobalSection
	GlobalSection(ProjectConfigurationPlatforms) = postSolution
		{DBFD07B4-F543-4CAD-9E88-36A143D19796}.Debug|Any CPU.ActiveCfg = Debug|Any CPU
		{DBFD07B4-F543-4CAD-9E88-36A143D19796}.Debug|Any CPU.Build.0 = Debug|Any CPU
		{DBFD07B4-F543-4CAD-9E88-36A143D19796}.Release|Any CPU.ActiveCfg = Release|Any CPU
		{DBFD07B4-F543-4CAD-9E88-36A143D19796}.Release|Any CPU.Build.0 = Release|Any CPU
	EndGlobalSection
	GlobalSection(SolutionProperties) = preSolution
		HideSolutionNode = FALSE
	EndGlobalSection
	GlobalSection(ExtensibilityGlobals) = postSolution
		SolutionGuid = {4790B6CE-5EDD-4E18-A383-9299394C7919}
	EndGlobalSection
EndGlobal
